
Microsoft Visual Studio Solution File, Format Version 12.00
# Visual Studio Version 17
VisualStudioVersion = 17.7.34018.315
MinimumVisualStudioVersion = 10.0.40219.1
Project("{FAE04EC0-301F-11D3-BF4B-00C04F79EFBC}") = "LoginForm", "LoginForm\LoginForm.csproj", "{0342E7D0-965B-4B25-9BFA-370A1A0BCDCF}"
EndProject
Global
	GlobalSection(SolutionConfigurationPlatforms) = preSolution
		Debug|Any CPU = Debug|Any CPU
		Release|Any CPU = Release|Any CPU
	EndGlobalSection
	GlobalSection(ProjectConfigurationPlatforms) = postSolution
		{0342E7D0-965B-4B25-9BFA-370A1A0BCDCF}.Debug|Any CPU.ActiveCfg = Debug|Any CPU
		{0342E7D0-965B-4B25-9BFA-370A1A0BCDCF}.Debug|Any CPU.Build.0 = Debug|Any CPU
		{0342E7D0-965B-4B25-9BFA-370A1A0BCDCF}.Release|Any CPU.ActiveCfg = Release|Any CPU
		{0342E7D0-965B-4B25-9BFA-370A1A0BCDCF}.Release|Any CPU.Build.0 = Release|Any CPU
	EndGlobalSection
	GlobalSection(SolutionProperties) = preSolution
		HideSolutionNode = FALSE
	EndGlobalSection
	GlobalSection(ExtensibilityGlobals) = postSolution
		SolutionGuid = {361CC2B0-B9BF-4100-B5CD-EC3C53242E25}
	EndGlobalSection
EndGlobal
